
Microsoft Visual Studio Solution File, Format Version 12.00
# Visual Studio 15
VisualStudioVersion = 15.0.28010.2046
MinimumVisualStudioVersion = 10.0.40219.1
Project("{FAE04EC0-301F-11D3-BF4B-00C04F79EFBC}") = "EnhanceGroupBox", "EnhanceGroupBox\EnhanceGroupBox.csproj", "{A8D02833-0065-401C-86B4-9D3040E80B96}"
EndProject
Project("{FAE04EC0-301F-11D3-BF4B-00C04F79EFBC}") = "GroupBoxDemo", "EnhanceGroupBoxTester\GroupBoxDemo.csproj", "{0855C9C9-207E-4367-AC71-9E8A3D8782B1}"
EndProject
Global
	GlobalSection(SolutionConfigurationPlatforms) = preSolution
		Debug|Any CPU = Debug|Any CPU
		Release|Any CPU = Release|Any CPU
	EndGlobalSection
	GlobalSection(ProjectConfigurationPlatforms) = postSolution
		{A8D02833-0065-401C-86B4-9D3040E80B96}.Debug|Any CPU.ActiveCfg = Debug|Any CPU
		{A8D02833-0065-401C-86B4-9D3040E80B96}.Debug|Any CPU.Build.0 = Debug|Any CPU
		{A8D02833-0065-401C-86B4-9D3040E80B96}.Release|Any CPU.ActiveCfg = Release|Any CPU
		{A8D02833-0065-401C-86B4-9D3040E80B96}.Release|Any CPU.Build.0 = Release|Any CPU
		{0855C9C9-207E-4367-AC71-9E8A3D8782B1}.Debug|Any CPU.ActiveCfg = Debug|Any CPU
		{0855C9C9-207E-4367-AC71-9E8A3D8782B1}.Debug|Any CPU.Build.0 = Debug|Any CPU
		{0855C9C9-207E-4367-AC71-9E8A3D8782B1}.Release|Any CPU.ActiveCfg = Release|Any CPU
		{0855C9C9-207E-4367-AC71-9E8A3D8782B1}.Release|Any CPU.Build.0 = Release|Any CPU
	EndGlobalSection
	GlobalSection(SolutionProperties) = preSolution
		HideSolutionNode = FALSE
	EndGlobalSection
	GlobalSection(ExtensibilityGlobals) = postSolution
		SolutionGuid = {AE88AF11-8C95-451C-92C3-AEDE30FCC899}
	EndGlobalSection
EndGlobal
